
Microsoft Visual Studio Solution File, Format Version 12.00
# Visual Studio Version 16
VisualStudioVersion = 16.0.31105.61
MinimumVisualStudioVersion = 10.0.40219.1
Project("{9A19103F-16F7-4668-BE54-9A1E7A4F7556}") = "ConsoleUI", "ReCapProject\ConsoleUI.csproj", "{41944597-A407-42D5-9A98-22B3F6796090}"
EndProject
Project("{9A19103F-16F7-4668-BE54-9A1E7A4F7556}") = "Entities", "Entities\Entities.csproj", "{B9859CDF-BC82-4F10-9DDE-599CCC6A4F84}"
EndProject
Project("{9A19103F-16F7-4668-BE54-9A1E7A4F7556}") = "DataAccessLayer", "DataAccessLayer\DataAccessLayer.csproj", "{29BD542D-7790-4E47-B66C-354364A592A9}"
EndProject
Project("{9A19103F-16F7-4668-BE54-9A1E7A4F7556}") = "BusinessLayer", "BusinessLayer\BusinessLayer.csproj", "{837AF66E-05C8-40F9-B381-E5FFC93450AF}"
EndProject
Project("{FAE04EC0-301F-11D3-BF4B-00C04F79EFBC}") = "Core", "Core\Core.csproj", "{2BDF7C8A-AC53-4241-86DF-68F8E28F9D0A}"
EndProject
Global
	GlobalSection(SolutionConfigurationPlatforms) = preSolution
		Debug|Any CPU = Debug|Any CPU
		Release|Any CPU = Release|Any CPU
	EndGlobalSection
	GlobalSection(ProjectConfigurationPlatforms) = postSolution
		{41944597-A407-42D5-9A98-22B3F6796090}.Debug|Any CPU.ActiveCfg = Debug|Any CPU
		{41944597-A407-42D5-9A98-22B3F6796090}.Debug|Any CPU.Build.0 = Debug|Any CPU
		{41944597-A407-42D5-9A98-22B3F6796090}.Release|Any CPU.ActiveCfg = Release|Any CPU
		{41944597-A407-42D5-9A98-22B3F6796090}.Release|Any CPU.Build.0 = Release|Any CPU
		{B9859CDF-BC82-4F10-9DDE-599CCC6A4F84}.Debug|Any CPU.ActiveCfg = Debug|Any CPU
		{B9859CDF-BC82-4F10-9DDE-599CCC6A4F84}.Debug|Any CPU.Build.0 = Debug|Any CPU
		{B9859CDF-BC82-4F10-9DDE-599CCC6A4F84}.Release|Any CPU.ActiveCfg = Release|Any CPU
		{B9859CDF-BC82-4F10-9DDE-599CCC6A4F84}.Release|Any CPU.Build.0 = Release|Any CPU
		{29BD542D-7790-4E47-B66C-354364A592A9}.Debug|Any CPU.ActiveCfg = Debug|Any CPU
		{29BD542D-7790-4E47-B66C-354364A592A9}.Debug|Any CPU.Build.0 = Debug|Any CPU
		{29BD542D-7790-4E47-B66C-354364A592A9}.Release|Any CPU.ActiveCfg = Release|Any CPU
		{29BD542D-7790-4E47-B66C-354364A592A9}.Release|Any CPU.Build.0 = Release|Any CPU
		{837AF66E-05C8-40F9-B381-E5FFC93450AF}.Debug|Any CPU.ActiveCfg = Debug|Any CPU
		{837AF66E-05C8-40F9-B381-E5FFC93450AF}.Debug|Any CPU.Build.0 = Debug|Any CPU
		{837AF66E-05C8-40F9-B381-E5FFC93450AF}.Release|Any CPU.ActiveCfg = Release|Any CPU
		{837AF66E-05C8-40F9-B381-E5FFC93450AF}.Release|Any CPU.Build.0 = Release|Any CPU
		{2BDF7C8A-AC53-4241-86DF-68F8E28F9D0A}.Debug|Any CPU.ActiveCfg = Debug|Any CPU
		{2BDF7C8A-AC53-4241-86DF-68F8E28F9D0A}.Debug|Any CPU.Build.0 = Debug|Any CPU
		{2BDF7C8A-AC53-4241-86DF-68F8E28F9D0A}.Release|Any CPU.ActiveCfg = Release|Any CPU
		{2BDF7C8A-AC53-4241-86DF-68F8E28F9D0A}.Release|Any CPU.Build.0 = Release|Any CPU
	EndGlobalSection
	GlobalSection(SolutionProperties) = preSolution
		HideSolutionNode = FALSE
	EndGlobalSection
	GlobalSection(ExtensibilityGlobals) = postSolution
		SolutionGuid = {8B2E1BE0-6F3E-4B50-9AC4-2D406EC97791}
	EndGlobalSection
EndGlobal
